
Microsoft Visual Studio Solution File, Format Version 12.00
# Visual Studio Version 16
VisualStudioVersion = 16.0.30907.101
MinimumVisualStudioVersion = 10.0.40219.1
Project("{9A19103F-16F7-4668-BE54-9A1E7A4F7556}") = "BattleshipStateTracker.WebAPI", "BattleshipStateTracker.WebAPI\BattleshipStateTracker.WebAPI.csproj", "{5A124175-24BF-49A0-B84C-CA930CCD740C}"
EndProject
Project("{FAE04EC0-301F-11D3-BF4B-00C04F79EFBC}") = "BattleshipStateTracker.BLL", "BattleshipStateTracker.BLL\BattleshipStateTracker.BLL.csproj", "{642DD740-F4BC-4637-ADE0-1A52F4A0F2F3}"
EndProject
Project("{FAE04EC0-301F-11D3-BF4B-00C04F79EFBC}") = "BattleshipStateTracker.DAL", "BattleshipStateTracker.DAL\BattleshipStateTracker.DAL.csproj", "{8A0BA05B-184C-4305-AA26-2CDD93E88AD1}"
EndProject
Global
	GlobalSection(SolutionConfigurationPlatforms) = preSolution
		Debug|Any CPU = Debug|Any CPU
		Release|Any CPU = Release|Any CPU
	EndGlobalSection
	GlobalSection(ProjectConfigurationPlatforms) = postSolution
		{5A124175-24BF-49A0-B84C-CA930CCD740C}.Debug|Any CPU.ActiveCfg = Debug|Any CPU
		{5A124175-24BF-49A0-B84C-CA930CCD740C}.Debug|Any CPU.Build.0 = Debug|Any CPU
		{5A124175-24BF-49A0-B84C-CA930CCD740C}.Release|Any CPU.ActiveCfg = Release|Any CPU
		{5A124175-24BF-49A0-B84C-CA930CCD740C}.Release|Any CPU.Build.0 = Release|Any CPU
		{642DD740-F4BC-4637-ADE0-1A52F4A0F2F3}.Debug|Any CPU.ActiveCfg = Debug|Any CPU
		{642DD740-F4BC-4637-ADE0-1A52F4A0F2F3}.Debug|Any CPU.Build.0 = Debug|Any CPU
		{642DD740-F4BC-4637-ADE0-1A52F4A0F2F3}.Release|Any CPU.ActiveCfg = Release|Any CPU
		{642DD740-F4BC-4637-ADE0-1A52F4A0F2F3}.Release|Any CPU.Build.0 = Release|Any CPU
		{8A0BA05B-184C-4305-AA26-2CDD93E88AD1}.Debug|Any CPU.ActiveCfg = Debug|Any CPU
		{8A0BA05B-184C-4305-AA26-2CDD93E88AD1}.Debug|Any CPU.Build.0 = Debug|Any CPU
		{8A0BA05B-184C-4305-AA26-2CDD93E88AD1}.Release|Any CPU.ActiveCfg = Release|Any CPU
		{8A0BA05B-184C-4305-AA26-2CDD93E88AD1}.Release|Any CPU.Build.0 = Release|Any CPU
	EndGlobalSection
	GlobalSection(SolutionProperties) = preSolution
		HideSolutionNode = FALSE
	EndGlobalSection
	GlobalSection(ExtensibilityGlobals) = postSolution
		SolutionGuid = {6248F31A-6245-4B48-B466-6E74DE7E695B}
	EndGlobalSection
EndGlobal
